
Microsoft Visual Studio Solution File, Format Version 12.00
# Visual Studio 15
VisualStudioVersion = 15.0.28307.1705
MinimumVisualStudioVersion = 10.0.40219.1
Project("{8BC9CEB8-8B4A-11D0-8D11-00A0C91BC942}") = "HW", "HW\HW.vcxproj", "{30721861-7DBF-46C8-8741-40F85B3FB908}"
EndProject
Global
	GlobalSection(SolutionConfigurationPlatforms) = preSolution
		Debug|x64 = Debug|x64
		Debug|x86 = Debug|x86
		Release|x64 = Release|x64
		Release|x86 = Release|x86
	EndGlobalSection
	GlobalSection(ProjectConfigurationPlatforms) = postSolution
		{30721861-7DBF-46C8-8741-40F85B3FB908}.Debug|x64.ActiveCfg = Debug|x64
		{30721861-7DBF-46C8-8741-40F85B3FB908}.Debug|x64.Build.0 = Debug|x64
		{30721861-7DBF-46C8-8741-40F85B3FB908}.Debug|x86.ActiveCfg = Debug|Win32
		{30721861-7DBF-46C8-8741-40F85B3FB908}.Debug|x86.Build.0 = Debug|Win32
		{30721861-7DBF-46C8-8741-40F85B3FB908}.Release|x64.ActiveCfg = Release|x64
		{30721861-7DBF-46C8-8741-40F85B3FB908}.Release|x64.Build.0 = Release|x64
		{30721861-7DBF-46C8-8741-40F85B3FB908}.Release|x86.ActiveCfg = Release|Win32
		{30721861-7DBF-46C8-8741-40F85B3FB908}.Release|x86.Build.0 = Release|Win32
	EndGlobalSection
	GlobalSection(SolutionProperties) = preSolution
		HideSolutionNode = FALSE
	EndGlobalSection
	GlobalSection(ExtensibilityGlobals) = postSolution
		SolutionGuid = {AF6F55E5-4163-4323-A030-7B04E1B4A642}
	EndGlobalSection
EndGlobal
